
Microsoft Visual Studio Solution File, Format Version 12.00
# Visual Studio Version 16
VisualStudioVersion = 16.0.29709.97
MinimumVisualStudioVersion = 10.0.40219.1
Project("{888888A0-9F3D-457C-B088-3A5042F75D52}") = "Tutorial Example", "Tutorial Example.pyproj", "{F14D197A-00DC-4EA0-8718-D99165F9036B}"
EndProject
Global
	GlobalSection(SolutionConfigurationPlatforms) = preSolution
		Debug|Any CPU = Debug|Any CPU
		Release|Any CPU = Release|Any CPU
	EndGlobalSection
	GlobalSection(ProjectConfigurationPlatforms) = postSolution
		{F14D197A-00DC-4EA0-8718-D99165F9036B}.Debug|Any CPU.ActiveCfg = Debug|Any CPU
		{F14D197A-00DC-4EA0-8718-D99165F9036B}.Release|Any CPU.ActiveCfg = Release|Any CPU
	EndGlobalSection
	GlobalSection(SolutionProperties) = preSolution
		HideSolutionNode = FALSE
	EndGlobalSection
	GlobalSection(ExtensibilityGlobals) = postSolution
		SolutionGuid = {3CF91C95-4242-4890-9D61-5855D6C57593}
	EndGlobalSection
EndGlobal
